
Microsoft Visual Studio Solution File, Format Version 12.00
# Visual Studio Version 16
VisualStudioVersion = 16.0.33423.256
MinimumVisualStudioVersion = 10.0.40219.1
Project("{FAE04EC0-301F-11D3-BF4B-00C04F79EFBC}") = "dz2_29.03", "dz2_29.03\dz2_29.03.csproj", "{B3103E91-8017-4529-ADC3-E4CEDC9836D9}"
EndProject
Global
	GlobalSection(SolutionConfigurationPlatforms) = preSolution
		Debug|Any CPU = Debug|Any CPU
		Release|Any CPU = Release|Any CPU
	EndGlobalSection
	GlobalSection(ProjectConfigurationPlatforms) = postSolution
		{B3103E91-8017-4529-ADC3-E4CEDC9836D9}.Debug|Any CPU.ActiveCfg = Debug|Any CPU
		{B3103E91-8017-4529-ADC3-E4CEDC9836D9}.Debug|Any CPU.Build.0 = Debug|Any CPU
		{B3103E91-8017-4529-ADC3-E4CEDC9836D9}.Release|Any CPU.ActiveCfg = Release|Any CPU
		{B3103E91-8017-4529-ADC3-E4CEDC9836D9}.Release|Any CPU.Build.0 = Release|Any CPU
	EndGlobalSection
	GlobalSection(SolutionProperties) = preSolution
		HideSolutionNode = FALSE
	EndGlobalSection
	GlobalSection(ExtensibilityGlobals) = postSolution
		SolutionGuid = {1E20A630-3788-4CAD-B7B1-349B7E027530}
	EndGlobalSection
EndGlobal
